
Microsoft Visual Studio Solution File, Format Version 11.00
# Visual Studio 2010
Project("{FAE04EC0-301F-11D3-BF4B-00C04F79EFBC}") = "Assembly-CSharp", "Assembly-CSharp.csproj", "{6C798414-D1F6-5307-583F-C12EC460956F}"
EndProject
Project("{FAE04EC0-301F-11D3-BF4B-00C04F79EFBC}") = "Assembly-CSharp-Editor", "Assembly-CSharp-Editor.csproj", "{1E67A29D-D24F-6847-1474-74C1D5B015C4}"
EndProject
Global
	GlobalSection(SolutionConfigurationPlatforms) = preSolution
		Debug|Any CPU = Debug|Any CPU
		Release|Any CPU = Release|Any CPU
	EndGlobalSection
	GlobalSection(ProjectConfigurationPlatforms) = postSolution
		{6C798414-D1F6-5307-583F-C12EC460956F}.Debug|Any CPU.ActiveCfg = Debug|Any CPU
		{6C798414-D1F6-5307-583F-C12EC460956F}.Debug|Any CPU.Build.0 = Debug|Any CPU
		{6C798414-D1F6-5307-583F-C12EC460956F}.Release|Any CPU.ActiveCfg = Release|Any CPU
		{6C798414-D1F6-5307-583F-C12EC460956F}.Release|Any CPU.Build.0 = Release|Any CPU
		{1E67A29D-D24F-6847-1474-74C1D5B015C4}.Debug|Any CPU.ActiveCfg = Debug|Any CPU
		{1E67A29D-D24F-6847-1474-74C1D5B015C4}.Debug|Any CPU.Build.0 = Debug|Any CPU
		{1E67A29D-D24F-6847-1474-74C1D5B015C4}.Release|Any CPU.ActiveCfg = Release|Any CPU
		{1E67A29D-D24F-6847-1474-74C1D5B015C4}.Release|Any CPU.Build.0 = Release|Any CPU
	EndGlobalSection
	GlobalSection(SolutionProperties) = preSolution
		HideSolutionNode = FALSE
	EndGlobalSection
EndGlobal
